<?xml version="1.0" encoding="utf-8"?>
<Project ToolsVersion="4.0" xmlns="http://schemas.microsoft.com/developer/msbuild/2003">
  <ItemGroup>
    <Filter Include="Source Files">
      <UniqueIdentifier>{4FC737F1-C7A5-4376-A066-2A32D752A2FF}</UniqueIdentifier>
      <Extensions>cpp;c;cc;cxx;c++;cppm;ixx;def;odl;idl;hpj;bat;asm;asmx</Extensions>
    </Filter>
    <Filter Include="Header Files">
      <UniqueIdentifier>{93995380-89BD-4b04-88EB-625FBE52EBFB}</UniqueIdentifier>
      <Extensions>h;hh;hpp;hxx;h++;hm;inl;inc;ipp;xsd</Extensions>
    </Filter>
    <Filter Include="Resource Files">
      <UniqueIdentifier>{67DA6AB6-F800-4c08-8B7A-83BB121AAD01}</UniqueIdentifier>
      <Extensions>rc;ico;cur;bmp;dlg;rc2;rct;bin;rgs;gif;jpg;jpeg;jpe;resx;tiff;tif;png;wav;mfcribbon-ms</Extensions>
    </Filter>
    <Filter Include="RabbitMQ">
      <UniqueIdentifier>{58d090f4-2a4f-4ede-996d-fb6659b5fa33}</UniqueIdentifier>
    </Filter>
  </ItemGroup>
  <ItemGroup>
    <ClCompile Include="BSE_MDI.cpp">
      <Filter>Source Files</Filter>
    </ClCompile>
    <ClCompile Include="Broadcast_Snapshot.cpp">
      <Filter>Source Files</Filter>
    </ClCompile>
    <ClCompile Include="InitializeProcess.cpp">
      <Filter>Source Files</Filter>
    </ClCompile>
    <ClCompile Include="marketDataMessage.cpp">
      <Filter>Source Files</Filter>
    </ClCompile>
    <ClCompile Include="MulticastReceiver.cpp">
      <Filter>Source Files</Filter>
    </ClCompile>
    <ClCompile Include="Nanolog.cpp">
      <Filter>Source Files</Filter>
    </ClCompile>
    <ClCompile Include="Publisher.cpp">
      <Filter>Source Files</Filter>
    </ClCompile>
    <ClCompile Include="Snapshot_MDI.cpp">
      <Filter>Source Files</Filter>
    </ClCompile>
    <ClCompile Include="rabbitmqConsumer.cpp">
      <Filter>RabbitMQ</Filter>
    </ClCompile>
    <ClCompile Include="rabbitmqInitializer.cpp">
      <Filter>RabbitMQ</Filter>
    </ClCompile>
    <ClCompile Include="rabbitmqProducer.cpp">
      <Filter>RabbitMQ</Filter>
    </ClCompile>
    <ClCompile Include="MDIFastTemplates_1_1.cpp">
      <Filter>Source Files</Filter>
    </ClCompile>
  </ItemGroup>
  <ItemGroup>
    <ClInclude Include="Broadcast_Snapshot.h">
      <Filter>Header Files</Filter>
    </ClInclude>
    <ClInclude Include="ConfigDetails.h">
      <Filter>Header Files</Filter>
    </ClInclude>
    <ClInclude Include="ConfigReader.h">
      <Filter>Header Files</Filter>
    </ClInclude>
    <ClInclude Include="constants.h">
      <Filter>Header Files</Filter>
    </ClInclude>
    <ClInclude Include="CurrentPath.h">
      <Filter>Header Files</Filter>
    </ClInclude>
    <ClInclude Include="defines.h">
      <Filter>Header Files</Filter>
    </ClInclude>
    <ClInclude Include="globalThings.h">
      <Filter>Header Files</Filter>
    </ClInclude>
    <ClInclude Include="InitializeProcess.h">
      <Filter>Header Files</Filter>
    </ClInclude>
    <ClInclude Include="marketDataMessage.h">
      <Filter>Header Files</Filter>
    </ClInclude>
    <ClInclude Include="MulticastReceiver.h">
      <Filter>Header Files</Filter>
    </ClInclude>
    <ClInclude Include="Nanolog.hpp">
      <Filter>Header Files</Filter>
    </ClInclude>
    <ClInclude Include="Publisher.h">
      <Filter>Header Files</Filter>
    </ClInclude>
    <ClInclude Include="Snaphot_MDI.h">
      <Filter>Header Files</Filter>
    </ClInclude>
    <ClInclude Include="ThreadSafeQueue.h">
      <Filter>Header Files</Filter>
    </ClInclude>
    <ClInclude Include="rabbitmqConsumer.h">
      <Filter>RabbitMQ</Filter>
    </ClInclude>
    <ClInclude Include="rabbitmqInitializer.h">
      <Filter>RabbitMQ</Filter>
    </ClInclude>
    <ClInclude Include="rabbitmqProducer.h">
      <Filter>RabbitMQ</Filter>
    </ClInclude>
    <ClInclude Include="MDIFastTemplates_1_1.h">
      <Filter>Header Files</Filter>
    </ClInclude>
  </ItemGroup>
  <ItemGroup>
    <None Include="cpp.hint" />
    <None Include="packages.config" />
    <None Include="MDIFastTemplates_1_1.inl">
      <Filter>Header Files</Filter>
    </None>
  </ItemGroup>
</Project>