<?xml version="1.0" encoding="utf-8"?>
<Project ToolsVersion="4.0" xmlns="http://schemas.microsoft.com/developer/msbuild/2003">
  <ItemGroup>
    <Filter Include="Source Files">
      <UniqueIdentifier>{4FC737F1-C7A5-4376-A066-2A32D752A2FF}</UniqueIdentifier>
      <Extensions>cpp;c;cc;cxx;c++;cppm;ixx;def;odl;idl;hpj;bat;asm;asmx</Extensions>
    </Filter>
    <Filter Include="Header Files">
      <UniqueIdentifier>{93995380-89BD-4b04-88EB-625FBE52EBFB}</UniqueIdentifier>
      <Extensions>h;hh;hpp;hxx;h++;hm;inl;inc;ipp;xsd</Extensions>
    </Filter>
    <Filter Include="Resource Files">
      <UniqueIdentifier>{67DA6AB6-F800-4c08-8B7A-83BB121AAD01}</UniqueIdentifier>
      <Extensions>rc;ico;cur;bmp;dlg;rc2;rct;bin;rgs;gif;jpg;jpeg;jpe;resx;tiff;tif;png;wav;mfcribbon-ms</Extensions>
    </Filter>
  </ItemGroup>
  <ItemGroup>
    <ClCompile Include="common.cpp">
      <Filter>Source Files</Filter>
    </ClCompile>
    <ClCompile Include="connectionStatus.cpp">
      <Filter>Source Files</Filter>
    </ClCompile>
    <ClCompile Include="fix44.cpp">
      <Filter>Source Files</Filter>
    </ClCompile>
    <ClCompile Include="main.cpp">
      <Filter>Source Files</Filter>
    </ClCompile>
    <ClCompile Include="marketDataMessage.cpp">
      <Filter>Source Files</Filter>
    </ClCompile>
    <ClCompile Include="marketDataStore.cpp">
      <Filter>Source Files</Filter>
    </ClCompile>
    <ClCompile Include="multicastRcvr.cpp">
      <Filter>Source Files</Filter>
    </ClCompile>
    <ClCompile Include="multicastSender.cpp">
      <Filter>Source Files</Filter>
    </ClCompile>
    <ClCompile Include="publisher.cpp">
      <Filter>Source Files</Filter>
    </ClCompile>
    <ClCompile Include="tcpSender.cpp">
      <Filter>Source Files</Filter>
    </ClCompile>
    <ClCompile Include="templaticConnection.cpp">
      <Filter>Source Files</Filter>
    </ClCompile>
    <ClCompile Include="time.cpp">
      <Filter>Source Files</Filter>
    </ClCompile>
    <ClCompile Include="Nanolog.cpp">
      <Filter>Source Files</Filter>
    </ClCompile>
  </ItemGroup>
  <ItemGroup>
    <ClInclude Include="abstractDataSender.h">
      <Filter>Header Files</Filter>
    </ClInclude>
    <ClInclude Include="common.h">
      <Filter>Header Files</Filter>
    </ClInclude>
    <ClInclude Include="configReader.h">
      <Filter>Header Files</Filter>
    </ClInclude>
    <ClInclude Include="connectionStatus.h">
      <Filter>Header Files</Filter>
    </ClInclude>
    <ClInclude Include="defines.h">
      <Filter>Header Files</Filter>
    </ClInclude>
    <ClInclude Include="fix44.h">
      <Filter>Header Files</Filter>
    </ClInclude>
    <ClInclude Include="lockfreeQueue.h">
      <Filter>Header Files</Filter>
    </ClInclude>
    <ClInclude Include="logger.h">
      <Filter>Header Files</Filter>
    </ClInclude>
    <ClInclude Include="marketDataMessage.h">
      <Filter>Header Files</Filter>
    </ClInclude>
    <ClInclude Include="marketDataStore.h">
      <Filter>Header Files</Filter>
    </ClInclude>
    <ClInclude Include="multicastRcvr.h">
      <Filter>Header Files</Filter>
    </ClInclude>
    <ClInclude Include="multicastSender.h">
      <Filter>Header Files</Filter>
    </ClInclude>
    <ClInclude Include="path.h">
      <Filter>Header Files</Filter>
    </ClInclude>
    <ClInclude Include="processMonitor.h">
      <Filter>Header Files</Filter>
    </ClInclude>
    <ClInclude Include="publisher.h">
      <Filter>Header Files</Filter>
    </ClInclude>
    <ClInclude Include="subscriptionHandler.h">
      <Filter>Header Files</Filter>
    </ClInclude>
    <ClInclude Include="tcpRcvr.h">
      <Filter>Header Files</Filter>
    </ClInclude>
    <ClInclude Include="tcpSender.h">
      <Filter>Header Files</Filter>
    </ClInclude>
    <ClInclude Include="tcpServer.h">
      <Filter>Header Files</Filter>
    </ClInclude>
    <ClInclude Include="templaticConnection.h">
      <Filter>Header Files</Filter>
    </ClInclude>
    <ClInclude Include="threadSafeQueue.h">
      <Filter>Header Files</Filter>
    </ClInclude>
    <ClInclude Include="throttling.h">
      <Filter>Header Files</Filter>
    </ClInclude>
    <ClInclude Include="time.h">
      <Filter>Header Files</Filter>
    </ClInclude>
    <ClInclude Include="commons.h">
      <Filter>Header Files</Filter>
    </ClInclude>
    <ClInclude Include="Nanolog.hpp">
      <Filter>Header Files</Filter>
    </ClInclude>
    <ClInclude Include="MarketDepth_5.h">
      <Filter>Header Files</Filter>
    </ClInclude>
  </ItemGroup>
</Project>