<?xml version="1.0" encoding="utf-8"?>
<Project ToolsVersion="4.0" xmlns="http://schemas.microsoft.com/developer/msbuild/2003">
  <ItemGroup>
    <Filter Include="Source Files">
      <UniqueIdentifier>{4FC737F1-C7A5-4376-A066-2A32D752A2FF}</UniqueIdentifier>
      <Extensions>cpp;c;cc;cxx;c++;cppm;ixx;def;odl;idl;hpj;bat;asm;asmx</Extensions>
    </Filter>
    <Filter Include="Header Files">
      <UniqueIdentifier>{93995380-89BD-4b04-88EB-625FBE52EBFB}</UniqueIdentifier>
      <Extensions>h;hh;hpp;hxx;h++;hm;inl;inc;ipp;xsd</Extensions>
    </Filter>
    <Filter Include="Resource Files">
      <UniqueIdentifier>{67DA6AB6-F800-4c08-8B7A-83BB121AAD01}</UniqueIdentifier>
      <Extensions>rc;ico;cur;bmp;dlg;rc2;rct;bin;rgs;gif;jpg;jpeg;jpe;resx;tiff;tif;png;wav;mfcribbon-ms</Extensions>
    </Filter>
  </ItemGroup>
  <ItemGroup>
    <ClInclude Include="HeaderFile\AllHeaders.h">
      <Filter>Header Files</Filter>
    </ClInclude>
    <ClInclude Include="HeaderFile\Common.h">
      <Filter>Header Files</Filter>
    </ClInclude>
    <ClInclude Include="HeaderFile\defines.h">
      <Filter>Header Files</Filter>
    </ClInclude>
    <ClInclude Include="HeaderFile\ETILayouts.h">
      <Filter>Header Files</Filter>
    </ClInclude>
    <ClInclude Include="HeaderFile\Event.h">
      <Filter>Header Files</Filter>
    </ClInclude>
    <ClInclude Include="HeaderFile\Fix_StringParser.h">
      <Filter>Header Files</Filter>
    </ClInclude>
    <ClInclude Include="HeaderFile\Mutex.h">
      <Filter>Header Files</Filter>
    </ClInclude>
    <ClInclude Include="OMS\OMS_Acceptor.h">
      <Filter>Header Files</Filter>
    </ClInclude>
    <ClInclude Include="HeaderFile\Queue.h">
      <Filter>Header Files</Filter>
    </ClInclude>
    <ClInclude Include="OMS\RabbitMQ\RabbitConsumer.h">
      <Filter>Header Files</Filter>
    </ClInclude>
    <ClInclude Include="OMS\RabbitMQ\rabbitmqInitializer.h">
      <Filter>Header Files</Filter>
    </ClInclude>
    <ClInclude Include="OMS\RabbitMQ\RabbitProducer.h">
      <Filter>Header Files</Filter>
    </ClInclude>
    <ClInclude Include="CommonFile\ReadConfigurationFile.h">
      <Filter>Header Files</Filter>
    </ClInclude>
    <ClInclude Include="Processing\Request\RequestProcessor.h">
      <Filter>Header Files</Filter>
    </ClInclude>
    <ClInclude Include="Processing\Response\ResponseProcessor.h">
      <Filter>Header Files</Filter>
    </ClInclude>
    <ClInclude Include="HeaderFile\SessionSettings.h">
      <Filter>Header Files</Filter>
    </ClInclude>
    <ClInclude Include="HeaderFile\throttling.h">
      <Filter>Header Files</Filter>
    </ClInclude>
    <ClInclude Include="Processing\TradeApplication.h">
      <Filter>Header Files</Filter>
    </ClInclude>
    <ClInclude Include="OMS\UDP\UdpRecevier.h">
      <Filter>Header Files</Filter>
    </ClInclude>
    <ClInclude Include="OMS\UDP\UdpSender.h">
      <Filter>Header Files</Filter>
    </ClInclude>
    <ClInclude Include="HeaderFile\Utility.h">
      <Filter>Header Files</Filter>
    </ClInclude>
    <ClInclude Include="HeaderFile\targetver.h">
      <Filter>Header Files</Filter>
    </ClInclude>
    <ClInclude Include="CommonFile\CustodianReader.h">
      <Filter>Header Files</Filter>
    </ClInclude>
    <ClInclude Include="NanoLog\Nanolog.hpp">
      <Filter>Header Files</Filter>
    </ClInclude>
    <ClInclude Include="Exchange\ExchangeConnection.h">
      <Filter>Header Files</Filter>
    </ClInclude>
    <ClInclude Include="Exchange\RequestProcess\RequestProcess.h">
      <Filter>Header Files</Filter>
    </ClInclude>
    <ClInclude Include="LogProcess\LogProcess.h">
      <Filter>Header Files</Filter>
    </ClInclude>
    <ClInclude Include="HeaderFile\LockFreeQueue.h">
      <Filter>Header Files</Filter>
    </ClInclude>
  </ItemGroup>
  <ItemGroup>
    <ClCompile Include="OMS\RabbitMQ\RabbitConsumer.cpp">
      <Filter>Source Files</Filter>
    </ClCompile>
    <ClCompile Include="OMS\RabbitMQ\rabbitmqInitializer.cpp">
      <Filter>Source Files</Filter>
    </ClCompile>
    <ClCompile Include="OMS\RabbitMQ\RabbitProducer.cpp">
      <Filter>Source Files</Filter>
    </ClCompile>
    <ClCompile Include="CommonFile\ReadConfigurationFile.cpp">
      <Filter>Source Files</Filter>
    </ClCompile>
    <ClCompile Include="Processing\Request\RequestProcessor.cpp">
      <Filter>Source Files</Filter>
    </ClCompile>
    <ClCompile Include="Processing\Response\ResponseProcessor.cpp">
      <Filter>Source Files</Filter>
    </ClCompile>
    <ClCompile Include="Processing\TradeApplication.cpp">
      <Filter>Source Files</Filter>
    </ClCompile>
    <ClCompile Include="OMS\UDP\UdpRecevier.cpp">
      <Filter>Source Files</Filter>
    </ClCompile>
    <ClCompile Include="OMS\UDP\UdpSender.cpp">
      <Filter>Source Files</Filter>
    </ClCompile>
    <ClCompile Include="HeaderFile\Utility.cpp">
      <Filter>Source Files</Filter>
    </ClCompile>
    <ClCompile Include="CommonFile\CustodianReader.cpp">
      <Filter>Source Files</Filter>
    </ClCompile>
    <ClCompile Include="NanoLog\Nanolog.cpp">
      <Filter>Source Files</Filter>
    </ClCompile>
    <ClCompile Include="BSEEDORDER.cpp">
      <Filter>Source Files</Filter>
    </ClCompile>
    <ClCompile Include="Exchange\ExchangeConnection.cpp">
      <Filter>Source Files</Filter>
    </ClCompile>
    <ClCompile Include="Exchange\RequestProcess\RequestProcess.cpp">
      <Filter>Source Files</Filter>
    </ClCompile>
    <ClCompile Include="LogProcess\LogProcess.cpp">
      <Filter>Source Files</Filter>
    </ClCompile>
  </ItemGroup>
  <ItemGroup>
    <None Include="packages.config" />
  </ItemGroup>
</Project>