<?xml version="1.0" encoding="utf-8"?>
<Project ToolsVersion="4.0" xmlns="http://schemas.microsoft.com/developer/msbuild/2003">
  <ItemGroup>
    <Filter Include="Source Files">
      <UniqueIdentifier>{4FC737F1-C7A5-4376-A066-2A32D752A2FF}</UniqueIdentifier>
      <Extensions>cpp;c;cc;cxx;c++;cppm;ixx;def;odl;idl;hpj;bat;asm;asmx</Extensions>
    </Filter>
    <Filter Include="Header Files">
      <UniqueIdentifier>{93995380-89BD-4b04-88EB-625FBE52EBFB}</UniqueIdentifier>
      <Extensions>h;hh;hpp;hxx;h++;hm;inl;inc;ipp;xsd</Extensions>
    </Filter>
    <Filter Include="Resource Files">
      <UniqueIdentifier>{67DA6AB6-F800-4c08-8B7A-83BB121AAD01}</UniqueIdentifier>
      <Extensions>rc;ico;cur;bmp;dlg;rc2;rct;bin;rgs;gif;jpg;jpeg;jpe;resx;tiff;tif;png;wav;mfcribbon-ms</Extensions>
    </Filter>
    <Filter Include="Source Files\NanoLog">
      <UniqueIdentifier>{9ebf04c5-6353-4aac-a500-927397d3778a}</UniqueIdentifier>
    </Filter>
  </ItemGroup>
  <ItemGroup>
    <ClCompile Include="cTraderOrder.cpp">
      <Filter>Source Files</Filter>
    </ClCompile>
    <ClCompile Include="fix44.cpp">
      <Filter>Source Files</Filter>
    </ClCompile>
    <ClCompile Include="rabbitmqConsumer.cpp">
      <Filter>Source Files</Filter>
    </ClCompile>
    <ClCompile Include="rabbitmqInitializer.cpp">
      <Filter>Source Files</Filter>
    </ClCompile>
    <ClCompile Include="rabbitmqProducer.cpp">
      <Filter>Source Files</Filter>
    </ClCompile>
    <ClCompile Include="templaticConnection.cpp">
      <Filter>Source Files</Filter>
    </ClCompile>
    <ClCompile Include="UdpRecevier.cpp">
      <Filter>Source Files</Filter>
    </ClCompile>
    <ClCompile Include="UdpSender.cpp">
      <Filter>Source Files</Filter>
    </ClCompile>
    <ClCompile Include="Nanolog.cpp">
      <Filter>Source Files\NanoLog</Filter>
    </ClCompile>
  </ItemGroup>
  <ItemGroup>
    <ClInclude Include="abstractDataSender.h">
      <Filter>Header Files</Filter>
    </ClInclude>
    <ClInclude Include="common.h">
      <Filter>Header Files</Filter>
    </ClInclude>
    <ClInclude Include="configReader.h">
      <Filter>Header Files</Filter>
    </ClInclude>
    <ClInclude Include="connectionStatus.h">
      <Filter>Header Files</Filter>
    </ClInclude>
    <ClInclude Include="constants.h">
      <Filter>Header Files</Filter>
    </ClInclude>
    <ClInclude Include="defines.h">
      <Filter>Header Files</Filter>
    </ClInclude>
    <ClInclude Include="fix44.h">
      <Filter>Header Files</Filter>
    </ClInclude>
    <ClInclude Include="lockfreeQueue.h">
      <Filter>Header Files</Filter>
    </ClInclude>
    <ClInclude Include="logger.h">
      <Filter>Header Files</Filter>
    </ClInclude>
    <ClInclude Include="marketDataMessage.h">
      <Filter>Header Files</Filter>
    </ClInclude>
    <ClInclude Include="multicastRcvr.h">
      <Filter>Header Files</Filter>
    </ClInclude>
    <ClInclude Include="multicastSender.h">
      <Filter>Header Files</Filter>
    </ClInclude>
    <ClInclude Include="OmsHandler.h">
      <Filter>Header Files</Filter>
    </ClInclude>
    <ClInclude Include="omsSocketHandler.h">
      <Filter>Header Files</Filter>
    </ClInclude>
    <ClInclude Include="path.h">
      <Filter>Header Files</Filter>
    </ClInclude>
    <ClInclude Include="processMonitor.h">
      <Filter>Header Files</Filter>
    </ClInclude>
    <ClInclude Include="rabbitmqConsumer.h">
      <Filter>Header Files</Filter>
    </ClInclude>
    <ClInclude Include="rabbitmqInitializer.h">
      <Filter>Header Files</Filter>
    </ClInclude>
    <ClInclude Include="rabbitmqProducer.h">
      <Filter>Header Files</Filter>
    </ClInclude>
    <ClInclude Include="stringParser.h">
      <Filter>Header Files</Filter>
    </ClInclude>
    <ClInclude Include="subscriptionHandler.h">
      <Filter>Header Files</Filter>
    </ClInclude>
    <ClInclude Include="tcpRcvr.h">
      <Filter>Header Files</Filter>
    </ClInclude>
    <ClInclude Include="tcpSender.h">
      <Filter>Header Files</Filter>
    </ClInclude>
    <ClInclude Include="tcpServer.h">
      <Filter>Header Files</Filter>
    </ClInclude>
    <ClInclude Include="templaticConnection.h">
      <Filter>Header Files</Filter>
    </ClInclude>
    <ClInclude Include="threadSafeQueue.h">
      <Filter>Header Files</Filter>
    </ClInclude>
    <ClInclude Include="throttling.h">
      <Filter>Header Files</Filter>
    </ClInclude>
    <ClInclude Include="time.h">
      <Filter>Header Files</Filter>
    </ClInclude>
    <ClInclude Include="UdpRecevier.h">
      <Filter>Header Files</Filter>
    </ClInclude>
    <ClInclude Include="UdpSender.h">
      <Filter>Header Files</Filter>
    </ClInclude>
    <ClInclude Include="Nanolog.hpp">
      <Filter>Source Files\NanoLog</Filter>
    </ClInclude>
  </ItemGroup>
</Project>